
Microsoft Visual Studio Solution File, Format Version 12.00
# Visual Studio Version 17
VisualStudioVersion = 17.3.32825.248
MinimumVisualStudioVersion = 10.0.40219.1
Project("{FAE04EC0-301F-11D3-BF4B-00C04F79EFBC}") = "SpecificationPattern", "SpecificationPattern\SpecificationPattern.csproj", "{CBD7EB6D-0327-4076-94A1-DDBA89CD4793}"
EndProject
Project("{FAE04EC0-301F-11D3-BF4B-00C04F79EFBC}") = "SpecificationPattern.Tests", "SpecificationPattern.Tests\SpecificationPattern.Tests.csproj", "{4680A4BF-F9F4-4D81-B0E9-3ED16253B842}"
EndProject
Global
	GlobalSection(SolutionConfigurationPlatforms) = preSolution
		Debug|Any CPU = Debug|Any CPU
		Release|Any CPU = Release|Any CPU
	EndGlobalSection
	GlobalSection(ProjectConfigurationPlatforms) = postSolution
		{CBD7EB6D-0327-4076-94A1-DDBA89CD4793}.Debug|Any CPU.ActiveCfg = Debug|Any CPU
		{CBD7EB6D-0327-4076-94A1-DDBA89CD4793}.Debug|Any CPU.Build.0 = Debug|Any CPU
		{CBD7EB6D-0327-4076-94A1-DDBA89CD4793}.Release|Any CPU.ActiveCfg = Release|Any CPU
		{CBD7EB6D-0327-4076-94A1-DDBA89CD4793}.Release|Any CPU.Build.0 = Release|Any CPU
		{4680A4BF-F9F4-4D81-B0E9-3ED16253B842}.Debug|Any CPU.ActiveCfg = Debug|Any CPU
		{4680A4BF-F9F4-4D81-B0E9-3ED16253B842}.Debug|Any CPU.Build.0 = Debug|Any CPU
		{4680A4BF-F9F4-4D81-B0E9-3ED16253B842}.Release|Any CPU.ActiveCfg = Release|Any CPU
		{4680A4BF-F9F4-4D81-B0E9-3ED16253B842}.Release|Any CPU.Build.0 = Release|Any CPU
	EndGlobalSection
	GlobalSection(SolutionProperties) = preSolution
		HideSolutionNode = FALSE
	EndGlobalSection
	GlobalSection(ExtensibilityGlobals) = postSolution
		SolutionGuid = {3947ADC7-BFA4-4CB3-BA1F-CBE7F486DFFF}
	EndGlobalSection
EndGlobal
