
Microsoft Visual Studio Solution File, Format Version 12.00
# Visual Studio Version 17
VisualStudioVersion = 17.4.33205.214
MinimumVisualStudioVersion = 10.0.40219.1
Project("{9A19103F-16F7-4668-BE54-9A1E7A4F7556}") = "CachingDemo", "CachingDemo\CachingDemo.csproj", "{99C9F217-86B9-45C3-9DF0-D7F116E0CE91}"
EndProject
Project("{9A19103F-16F7-4668-BE54-9A1E7A4F7556}") = "ParallelProgrammingDb", "ParallelProgrammingDb\ParallelProgrammingDb.csproj", "{44D6D716-2E61-4892-B45F-D76F15FCBD98}"
EndProject
Project("{9A19103F-16F7-4668-BE54-9A1E7A4F7556}") = "ParallelProgramming", "ParallelProgramming\ParallelProgramming.csproj", "{C9D8D10A-AE9C-4625-857B-533A8582C64F}"
EndProject
Global
	GlobalSection(SolutionConfigurationPlatforms) = preSolution
		Debug|Any CPU = Debug|Any CPU
		Release|Any CPU = Release|Any CPU
	EndGlobalSection
	GlobalSection(ProjectConfigurationPlatforms) = postSolution
		{99C9F217-86B9-45C3-9DF0-D7F116E0CE91}.Debug|Any CPU.ActiveCfg = Debug|Any CPU
		{99C9F217-86B9-45C3-9DF0-D7F116E0CE91}.Debug|Any CPU.Build.0 = Debug|Any CPU
		{99C9F217-86B9-45C3-9DF0-D7F116E0CE91}.Release|Any CPU.ActiveCfg = Release|Any CPU
		{99C9F217-86B9-45C3-9DF0-D7F116E0CE91}.Release|Any CPU.Build.0 = Release|Any CPU
		{44D6D716-2E61-4892-B45F-D76F15FCBD98}.Debug|Any CPU.ActiveCfg = Debug|Any CPU
		{44D6D716-2E61-4892-B45F-D76F15FCBD98}.Debug|Any CPU.Build.0 = Debug|Any CPU
		{44D6D716-2E61-4892-B45F-D76F15FCBD98}.Release|Any CPU.ActiveCfg = Release|Any CPU
		{44D6D716-2E61-4892-B45F-D76F15FCBD98}.Release|Any CPU.Build.0 = Release|Any CPU
		{C9D8D10A-AE9C-4625-857B-533A8582C64F}.Debug|Any CPU.ActiveCfg = Debug|Any CPU
		{C9D8D10A-AE9C-4625-857B-533A8582C64F}.Debug|Any CPU.Build.0 = Debug|Any CPU
		{C9D8D10A-AE9C-4625-857B-533A8582C64F}.Release|Any CPU.ActiveCfg = Release|Any CPU
		{C9D8D10A-AE9C-4625-857B-533A8582C64F}.Release|Any CPU.Build.0 = Release|Any CPU
	EndGlobalSection
	GlobalSection(SolutionProperties) = preSolution
		HideSolutionNode = FALSE
	EndGlobalSection
	GlobalSection(ExtensibilityGlobals) = postSolution
		SolutionGuid = {AB1AA37D-2F54-4C2B-AED4-7AEE5235E479}
	EndGlobalSection
EndGlobal
